
Microsoft Visual Studio Solution File, Format Version 12.00
# Visual Studio 2013
VisualStudioVersion = 12.0.40629.0
MinimumVisualStudioVersion = 10.0.40219.1
Project("{FAE04EC0-301F-11D3-BF4B-00C04F79EFBC}") = "Practica3", "Practica3\Practica3.csproj", "{DE7F3BCA-FA12-436D-85FC-DC576D579D7B}"
EndProject
Global
	GlobalSection(SolutionConfigurationPlatforms) = preSolution
		Debug|Any CPU = Debug|Any CPU
		Release|Any CPU = Release|Any CPU
	EndGlobalSection
	GlobalSection(ProjectConfigurationPlatforms) = postSolution
		{DE7F3BCA-FA12-436D-85FC-DC576D579D7B}.Debug|Any CPU.ActiveCfg = Debug|Any CPU
		{DE7F3BCA-FA12-436D-85FC-DC576D579D7B}.Debug|Any CPU.Build.0 = Debug|Any CPU
		{DE7F3BCA-FA12-436D-85FC-DC576D579D7B}.Release|Any CPU.ActiveCfg = Release|Any CPU
		{DE7F3BCA-FA12-436D-85FC-DC576D579D7B}.Release|Any CPU.Build.0 = Release|Any CPU
	EndGlobalSection
	GlobalSection(SolutionProperties) = preSolution
		HideSolutionNode = FALSE
	EndGlobalSection
EndGlobal
